
Microsoft Visual Studio Solution File, Format Version 12.00
# Visual Studio Version 16
VisualStudioVersion = 16.0.30413.136
MinimumVisualStudioVersion = 10.0.40219.1
Project("{9A19103F-16F7-4668-BE54-9A1E7A4F7556}") = "WebApplication4", "WebApplication4.csproj", "{7FD9D969-084B-4BDB-900F-5D6A08B50841}"
EndProject
Global
	GlobalSection(SolutionConfigurationPlatforms) = preSolution
		Debug|Any CPU = Debug|Any CPU
		Release|Any CPU = Release|Any CPU
	EndGlobalSection
	GlobalSection(ProjectConfigurationPlatforms) = postSolution
		{7FD9D969-084B-4BDB-900F-5D6A08B50841}.Debug|Any CPU.ActiveCfg = Debug|Any CPU
		{7FD9D969-084B-4BDB-900F-5D6A08B50841}.Debug|Any CPU.Build.0 = Debug|Any CPU
		{7FD9D969-084B-4BDB-900F-5D6A08B50841}.Release|Any CPU.ActiveCfg = Release|Any CPU
		{7FD9D969-084B-4BDB-900F-5D6A08B50841}.Release|Any CPU.Build.0 = Release|Any CPU
	EndGlobalSection
	GlobalSection(SolutionProperties) = preSolution
		HideSolutionNode = FALSE
	EndGlobalSection
	GlobalSection(ExtensibilityGlobals) = postSolution
		SolutionGuid = {5AD2B4A2-26DD-43E5-BB7E-39EF7F08C411}
	EndGlobalSection
EndGlobal
